// !$*UTF8*$!
{
	archiveVersion = 1;
	classes = {
	};
	objectVersion = 56;
	objects = {

/* Begin PBXBuildFile section */
		E217EE0A2B18952F00EAC2DE /* CryptoTrackApp.swift in Sources */ = {isa = PBXBuildFile; fileRef = E217EE092B18952F00EAC2DE /* CryptoTrackApp.swift */; };
		E217EE112B18953000EAC2DE /* Preview Assets.xcassets in Resources */ = {isa = PBXBuildFile; fileRef = E217EE102B18953000EAC2DE /* Preview Assets.xcassets */; };
		E217EE1B2B189D1A00EAC2DE /* Assets.xcassets in Resources */ = {isa = PBXBuildFile; fileRef = E217EE1A2B189D1A00EAC2DE /* Assets.xcassets */; };
		E217EE1D2B189D5F00EAC2DE /* Color.swift in Sources */ = {isa = PBXBuildFile; fileRef = E217EE1C2B189D5F00EAC2DE /* Color.swift */; };
		E217EE2C2B18C49C00EAC2DE /* HomeView.swift in Sources */ = {isa = PBXBuildFile; fileRef = E217EE2B2B18C49C00EAC2DE /* HomeView.swift */; };
		E217EE302B18C4E200EAC2DE /* CircleButtonView.swift in Sources */ = {isa = PBXBuildFile; fileRef = E217EE2F2B18C4E200EAC2DE /* CircleButtonView.swift */; };
		E217EE322B18F97B00EAC2DE /* CircleButtonAnimationView.swift in Sources */ = {isa = PBXBuildFile; fileRef = E217EE312B18F97B00EAC2DE /* CircleButtonAnimationView.swift */; };
		E21868AA2B1D09300061E903 /* CoinRowView.swift in Sources */ = {isa = PBXBuildFile; fileRef = E21868A92B1D09300061E903 /* CoinRowView.swift */; };
		E21868AC2B1D0B310061E903 /* PreviewProvider.swift in Sources */ = {isa = PBXBuildFile; fileRef = E21868AB2B1D0B310061E903 /* PreviewProvider.swift */; };
		E21868AE2B1D17680061E903 /* Double.swift in Sources */ = {isa = PBXBuildFile; fileRef = E21868AD2B1D17680061E903 /* Double.swift */; };
		E23D5E492B279C5F00E8BC8B /* LocalFileManager.swift in Sources */ = {isa = PBXBuildFile; fileRef = E23D5E482B279C5F00E8BC8B /* LocalFileManager.swift */; };
		E23D5E4D2B28F90E00E8BC8B /* SearchBarView.swift in Sources */ = {isa = PBXBuildFile; fileRef = E23D5E4C2B28F90E00E8BC8B /* SearchBarView.swift */; };
		E23D5E4F2B28FEF000E8BC8B /* UIApplication.swift in Sources */ = {isa = PBXBuildFile; fileRef = E23D5E4E2B28FEF000E8BC8B /* UIApplication.swift */; };
		E254310B2B23595400E4276D /* NetworkManager.swift in Sources */ = {isa = PBXBuildFile; fileRef = E254310A2B23595400E4276D /* NetworkManager.swift */; };
		E25431102B23775400E4276D /* CoinImageView.swift in Sources */ = {isa = PBXBuildFile; fileRef = E254310F2B23775400E4276D /* CoinImageView.swift */; };
		E25431122B23775D00E4276D /* CoinImageViewModel.swift in Sources */ = {isa = PBXBuildFile; fileRef = E25431112B23775D00E4276D /* CoinImageViewModel.swift */; };
		E2568C042B1FB8220062695B /* CoinDataService.swift in Sources */ = {isa = PBXBuildFile; fileRef = E2568C032B1FB8220062695B /* CoinDataService.swift */; };
		E29A198B2B1E5CBD00D3D9A2 /* HomeViewModel.swift in Sources */ = {isa = PBXBuildFile; fileRef = E29A198A2B1E5CBD00D3D9A2 /* HomeViewModel.swift */; };
		E2A08F822B238D960083637B /* CoinImageService.swift in Sources */ = {isa = PBXBuildFile; fileRef = E2A08F812B238D960083637B /* CoinImageService.swift */; };
		E2E3FDA32B19011B004E75EB /* CoinModel.swift in Sources */ = {isa = PBXBuildFile; fileRef = E2E3FDA22B19011B004E75EB /* CoinModel.swift */; };
/* End PBXBuildFile section */

/* Begin PBXFileReference section */
		E217EE062B18952F00EAC2DE /* CryptoTrack.app */ = {isa = PBXFileReference; explicitFileType = wrapper.application; includeInIndex = 0; path = CryptoTrack.app; sourceTree = BUILT_PRODUCTS_DIR; };
		E217EE092B18952F00EAC2DE /* CryptoTrackApp.swift */ = {isa = PBXFileReference; lastKnownFileType = sourcecode.swift; path = CryptoTrackApp.swift; sourceTree = "<group>"; };
		E217EE102B18953000EAC2DE /* Preview Assets.xcassets */ = {isa = PBXFileReference; lastKnownFileType = folder.assetcatalog; path = "Preview Assets.xcassets"; sourceTree = "<group>"; };
		E217EE1A2B189D1A00EAC2DE /* Assets.xcassets */ = {isa = PBXFileReference; lastKnownFileType = folder.assetcatalog; name = Assets.xcassets; path = ../../../Resources/Assets.xcassets; sourceTree = "<group>"; };
		E217EE1C2B189D5F00EAC2DE /* Color.swift */ = {isa = PBXFileReference; lastKnownFileType = sourcecode.swift; path = Color.swift; sourceTree = "<group>"; };
		E217EE2B2B18C49C00EAC2DE /* HomeView.swift */ = {isa = PBXFileReference; lastKnownFileType = sourcecode.swift; path = HomeView.swift; sourceTree = "<group>"; };
		E217EE2F2B18C4E200EAC2DE /* CircleButtonView.swift */ = {isa = PBXFileReference; lastKnownFileType = sourcecode.swift; path = CircleButtonView.swift; sourceTree = "<group>"; };
		E217EE312B18F97B00EAC2DE /* CircleButtonAnimationView.swift */ = {isa = PBXFileReference; lastKnownFileType = sourcecode.swift; path = CircleButtonAnimationView.swift; sourceTree = "<group>"; };
		E21868A92B1D09300061E903 /* CoinRowView.swift */ = {isa = PBXFileReference; lastKnownFileType = sourcecode.swift; path = CoinRowView.swift; sourceTree = "<group>"; };
		E21868AB2B1D0B310061E903 /* PreviewProvider.swift */ = {isa = PBXFileReference; lastKnownFileType = sourcecode.swift; path = PreviewProvider.swift; sourceTree = "<group>"; };
		E21868AD2B1D17680061E903 /* Double.swift */ = {isa = PBXFileReference; lastKnownFileType = sourcecode.swift; path = Double.swift; sourceTree = "<group>"; };
		E23D5E482B279C5F00E8BC8B /* LocalFileManager.swift */ = {isa = PBXFileReference; lastKnownFileType = sourcecode.swift; path = LocalFileManager.swift; sourceTree = "<group>"; };
		E23D5E4C2B28F90E00E8BC8B /* SearchBarView.swift */ = {isa = PBXFileReference; lastKnownFileType = sourcecode.swift; path = SearchBarView.swift; sourceTree = "<group>"; };
		E23D5E4E2B28FEF000E8BC8B /* UIApplication.swift */ = {isa = PBXFileReference; lastKnownFileType = sourcecode.swift; path = UIApplication.swift; sourceTree = "<group>"; };
		E254310A2B23595400E4276D /* NetworkManager.swift */ = {isa = PBXFileReference; lastKnownFileType = sourcecode.swift; path = NetworkManager.swift; sourceTree = "<group>"; };
		E254310F2B23775400E4276D /* CoinImageView.swift */ = {isa = PBXFileReference; lastKnownFileType = sourcecode.swift; path = CoinImageView.swift; sourceTree = "<group>"; };
		E25431112B23775D00E4276D /* CoinImageViewModel.swift */ = {isa = PBXFileReference; lastKnownFileType = sourcecode.swift; path = CoinImageViewModel.swift; sourceTree = "<group>"; };
		E2568C032B1FB8220062695B /* CoinDataService.swift */ = {isa = PBXFileReference; lastKnownFileType = sourcecode.swift; path = CoinDataService.swift; sourceTree = "<group>"; };
		E29A198A2B1E5CBD00D3D9A2 /* HomeViewModel.swift */ = {isa = PBXFileReference; lastKnownFileType = sourcecode.swift; path = HomeViewModel.swift; sourceTree = "<group>"; };
		E2A08F812B238D960083637B /* CoinImageService.swift */ = {isa = PBXFileReference; lastKnownFileType = sourcecode.swift; path = CoinImageService.swift; sourceTree = "<group>"; };
		E2E3FDA22B19011B004E75EB /* CoinModel.swift */ = {isa = PBXFileReference; lastKnownFileType = sourcecode.swift; path = CoinModel.swift; sourceTree = "<group>"; };
/* End PBXFileReference section */

/* Begin PBXFrameworksBuildPhase section */
		E217EE032B18952F00EAC2DE /* Frameworks */ = {
			isa = PBXFrameworksBuildPhase;
			buildActionMask = 2147483647;
			files = (
			);
			runOnlyForDeploymentPostprocessing = 0;
		};
/* End PBXFrameworksBuildPhase section */

/* Begin PBXGroup section */
		E217EDFD2B18952F00EAC2DE = {
			isa = PBXGroup;
			children = (
				E217EE082B18952F00EAC2DE /* CryptoTrack */,
				E217EE072B18952F00EAC2DE /* Products */,
			);
			sourceTree = "<group>";
		};
		E217EE072B18952F00EAC2DE /* Products */ = {
			isa = PBXGroup;
			children = (
				E217EE062B18952F00EAC2DE /* CryptoTrack.app */,
			);
			name = Products;
			sourceTree = "<group>";
		};
		E217EE082B18952F00EAC2DE /* CryptoTrack */ = {
			isa = PBXGroup;
			children = (
				E217EE092B18952F00EAC2DE /* CryptoTrackApp.swift */,
				E217EE1F2B189FA100EAC2DE /* Core */,
				E217EE232B189FE500EAC2DE /* Models */,
				E217EE1E2B189D6200EAC2DE /* Extensions */,
				E217EE242B189FEE00EAC2DE /* Services */,
				E217EE252B189FF700EAC2DE /* Utilities */,
				E217EE1A2B189D1A00EAC2DE /* Assets.xcassets */,
				E217EE0F2B18953000EAC2DE /* Preview Content */,
			);
			path = CryptoTrack;
			sourceTree = "<group>";
		};
		E217EE0F2B18953000EAC2DE /* Preview Content */ = {
			isa = PBXGroup;
			children = (
				E217EE102B18953000EAC2DE /* Preview Assets.xcassets */,
			);
			path = "Preview Content";
			sourceTree = "<group>";
		};
		E217EE1E2B189D6200EAC2DE /* Extensions */ = {
			isa = PBXGroup;
			children = (
				E217EE1C2B189D5F00EAC2DE /* Color.swift */,
				E21868AD2B1D17680061E903 /* Double.swift */,
				E21868AB2B1D0B310061E903 /* PreviewProvider.swift */,
				E23D5E4E2B28FEF000E8BC8B /* UIApplication.swift */,
			);
			path = Extensions;
			sourceTree = "<group>";
		};
		E217EE1F2B189FA100EAC2DE /* Core */ = {
			isa = PBXGroup;
			children = (
				E217EE2D2B18C4A600EAC2DE /* Components */,
				E217EE202B189FA500EAC2DE /* Home */,
				E217EE262B18A04800EAC2DE /* Detail */,
				E217EE292B18A0D300EAC2DE /* Settings */,
			);
			path = Core;
			sourceTree = "<group>";
		};
		E217EE202B189FA500EAC2DE /* Home */ = {
			isa = PBXGroup;
			children = (
				E217EE222B189FB600EAC2DE /* Views */,
				E217EE212B189FB000EAC2DE /* ViewModels */,
			);
			path = Home;
			sourceTree = "<group>";
		};
		E217EE212B189FB000EAC2DE /* ViewModels */ = {
			isa = PBXGroup;
			children = (
				E29A198A2B1E5CBD00D3D9A2 /* HomeViewModel.swift */,
			);
			path = ViewModels;
			sourceTree = "<group>";
		};
		E217EE222B189FB600EAC2DE /* Views */ = {
			isa = PBXGroup;
			children = (
				E217EE2B2B18C49C00EAC2DE /* HomeView.swift */,
				E21868A92B1D09300061E903 /* CoinRowView.swift */,
			);
			path = Views;
			sourceTree = "<group>";
		};
		E217EE232B189FE500EAC2DE /* Models */ = {
			isa = PBXGroup;
			children = (
				E2E3FDA22B19011B004E75EB /* CoinModel.swift */,
			);
			path = Models;
			sourceTree = "<group>";
		};
		E217EE242B189FEE00EAC2DE /* Services */ = {
			isa = PBXGroup;
			children = (
				E2568C032B1FB8220062695B /* CoinDataService.swift */,
				E2A08F812B238D960083637B /* CoinImageService.swift */,
			);
			path = Services;
			sourceTree = "<group>";
		};
		E217EE252B189FF700EAC2DE /* Utilities */ = {
			isa = PBXGroup;
			children = (
				E254310A2B23595400E4276D /* NetworkManager.swift */,
				E23D5E482B279C5F00E8BC8B /* LocalFileManager.swift */,
			);
			path = Utilities;
			sourceTree = "<group>";
		};
		E217EE262B18A04800EAC2DE /* Detail */ = {
			isa = PBXGroup;
			children = (
				E217EE272B18A06E00EAC2DE /* Views */,
				E217EE282B18A07200EAC2DE /* ViewModels */,
			);
			path = Detail;
			sourceTree = "<group>";
		};
		E217EE272B18A06E00EAC2DE /* Views */ = {
			isa = PBXGroup;
			children = (
			);
			path = Views;
			sourceTree = "<group>";
		};
		E217EE282B18A07200EAC2DE /* ViewModels */ = {
			isa = PBXGroup;
			children = (
			);
			path = ViewModels;
			sourceTree = "<group>";
		};
		E217EE292B18A0D300EAC2DE /* Settings */ = {
			isa = PBXGroup;
			children = (
			);
			path = Settings;
			sourceTree = "<group>";
		};
		E217EE2D2B18C4A600EAC2DE /* Components */ = {
			isa = PBXGroup;
			children = (
				E254310C2B23772A00E4276D /* CoinImage */,
				E217EE2E2B18C4D300EAC2DE /* CircleButton */,
				E23D5E4C2B28F90E00E8BC8B /* SearchBarView.swift */,
			);
			path = Components;
			sourceTree = "<group>";
		};
		E217EE2E2B18C4D300EAC2DE /* CircleButton */ = {
			isa = PBXGroup;
			children = (
				E217EE2F2B18C4E200EAC2DE /* CircleButtonView.swift */,
				E217EE312B18F97B00EAC2DE /* CircleButtonAnimationView.swift */,
			);
			path = CircleButton;
			sourceTree = "<group>";
		};
		E254310C2B23772A00E4276D /* CoinImage */ = {
			isa = PBXGroup;
			children = (
				E254310F2B23775400E4276D /* CoinImageView.swift */,
				E25431112B23775D00E4276D /* CoinImageViewModel.swift */,
			);
			path = CoinImage;
			sourceTree = "<group>";
		};
/* End PBXGroup section */

/* Begin PBXNativeTarget section */
		E217EE052B18952F00EAC2DE /* CryptoTrack */ = {
			isa = PBXNativeTarget;
			buildConfigurationList = E217EE142B18953000EAC2DE /* Build configuration list for PBXNativeTarget "CryptoTrack" */;
			buildPhases = (
				E217EE022B18952F00EAC2DE /* Sources */,
				E217EE032B18952F00EAC2DE /* Frameworks */,
				E217EE042B18952F00EAC2DE /* Resources */,
			);
			buildRules = (
			);
			dependencies = (
			);
			name = CryptoTrack;
			productName = CryptoTrack;
			productReference = E217EE062B18952F00EAC2DE /* CryptoTrack.app */;
			productType = "com.apple.product-type.application";
		};
/* End PBXNativeTarget section */

/* Begin PBXProject section */
		E217EDFE2B18952F00EAC2DE /* Project object */ = {
			isa = PBXProject;
			attributes = {
				BuildIndependentTargetsInParallel = 1;
				LastSwiftUpdateCheck = 1500;
				LastUpgradeCheck = 1500;
				TargetAttributes = {
					E217EE052B18952F00EAC2DE = {
						CreatedOnToolsVersion = 15.0.1;
					};
				};
			};
			buildConfigurationList = E217EE012B18952F00EAC2DE /* Build configuration list for PBXProject "CryptoTrack" */;
			compatibilityVersion = "Xcode 14.0";
			developmentRegion = en;
			hasScannedForEncodings = 0;
			knownRegions = (
				en,
				Base,
			);
			mainGroup = E217EDFD2B18952F00EAC2DE;
			productRefGroup = E217EE072B18952F00EAC2DE /* Products */;
			projectDirPath = "";
			projectRoot = "";
			targets = (
				E217EE052B18952F00EAC2DE /* CryptoTrack */,
			);
		};
/* End PBXProject section */

/* Begin PBXResourcesBuildPhase section */
		E217EE042B18952F00EAC2DE /* Resources */ = {
			isa = PBXResourcesBuildPhase;
			buildActionMask = 2147483647;
			files = (
				E217EE112B18953000EAC2DE /* Preview Assets.xcassets in Resources */,
				E217EE1B2B189D1A00EAC2DE /* Assets.xcassets in Resources */,
			);
			runOnlyForDeploymentPostprocessing = 0;
		};
/* End PBXResourcesBuildPhase section */

/* Begin PBXSourcesBuildPhase section */
		E217EE022B18952F00EAC2DE /* Sources */ = {
			isa = PBXSourcesBuildPhase;
			buildActionMask = 2147483647;
			files = (
				E23D5E4F2B28FEF000E8BC8B /* UIApplication.swift in Sources */,
				E25431102B23775400E4276D /* CoinImageView.swift in Sources */,
				E254310B2B23595400E4276D /* NetworkManager.swift in Sources */,
				E217EE302B18C4E200EAC2DE /* CircleButtonView.swift in Sources */,
				E25431122B23775D00E4276D /* CoinImageViewModel.swift in Sources */,
				E217EE2C2B18C49C00EAC2DE /* HomeView.swift in Sources */,
				E217EE0A2B18952F00EAC2DE /* CryptoTrackApp.swift in Sources */,
				E29A198B2B1E5CBD00D3D9A2 /* HomeViewModel.swift in Sources */,
				E23D5E492B279C5F00E8BC8B /* LocalFileManager.swift in Sources */,
				E217EE1D2B189D5F00EAC2DE /* Color.swift in Sources */,
				E2E3FDA32B19011B004E75EB /* CoinModel.swift in Sources */,
				E21868AC2B1D0B310061E903 /* PreviewProvider.swift in Sources */,
				E21868AA2B1D09300061E903 /* CoinRowView.swift in Sources */,
				E21868AE2B1D17680061E903 /* Double.swift in Sources */,
				E217EE322B18F97B00EAC2DE /* CircleButtonAnimationView.swift in Sources */,
				E2A08F822B238D960083637B /* CoinImageService.swift in Sources */,
				E23D5E4D2B28F90E00E8BC8B /* SearchBarView.swift in Sources */,
				E2568C042B1FB8220062695B /* CoinDataService.swift in Sources */,
			);
			runOnlyForDeploymentPostprocessing = 0;
		};
/* End PBXSourcesBuildPhase section */

/* Begin XCBuildConfiguration section */
		E217EE122B18953000EAC2DE /* Debug */ = {
			isa = XCBuildConfiguration;
			buildSettings = {
				ALWAYS_SEARCH_USER_PATHS = NO;
				ASSETCATALOG_COMPILER_GENERATE_SWIFT_ASSET_SYMBOL_EXTENSIONS = YES;
				CLANG_ANALYZER_NONNULL = YES;
				CLANG_ANALYZER_NUMBER_OBJECT_CONVERSION = YES_AGGRESSIVE;
				CLANG_CXX_LANGUAGE_STANDARD = "gnu++20";
				CLANG_ENABLE_MODULES = YES;
				CLANG_ENABLE_OBJC_ARC = YES;
				CLANG_ENABLE_OBJC_WEAK = YES;
				CLANG_WARN_BLOCK_CAPTURE_AUTORELEASING = YES;
				CLANG_WARN_BOOL_CONVERSION = YES;
				CLANG_WARN_COMMA = YES;
				CLANG_WARN_CONSTANT_CONVERSION = YES;
				CLANG_WARN_DEPRECATED_OBJC_IMPLEMENTATIONS = YES;
				CLANG_WARN_DIRECT_OBJC_ISA_USAGE = YES_ERROR;
				CLANG_WARN_DOCUMENTATION_COMMENTS = YES;
				CLANG_WARN_EMPTY_BODY = YES;
				CLANG_WARN_ENUM_CONVERSION = YES;
				CLANG_WARN_INFINITE_RECURSION = YES;
				CLANG_WARN_INT_CONVERSION = YES;
				CLANG_WARN_NON_LITERAL_NULL_CONVERSION = YES;
				CLANG_WARN_OBJC_IMPLICIT_RETAIN_SELF = YES;
				CLANG_WARN_OBJC_LITERAL_CONVERSION = YES;
				CLANG_WARN_OBJC_ROOT_CLASS = YES_ERROR;
				CLANG_WARN_QUOTED_INCLUDE_IN_FRAMEWORK_HEADER = YES;
				CLANG_WARN_RANGE_LOOP_ANALYSIS = YES;
				CLANG_WARN_STRICT_PROTOTYPES = YES;
				CLANG_WARN_SUSPICIOUS_MOVE = YES;
				CLANG_WARN_UNGUARDED_AVAILABILITY = YES_AGGRESSIVE;
				CLANG_WARN_UNREACHABLE_CODE = YES;
				CLANG_WARN__DUPLICATE_METHOD_MATCH = YES;
				COPY_PHASE_STRIP = NO;
				DEBUG_INFORMATION_FORMAT = dwarf;
				ENABLE_STRICT_OBJC_MSGSEND = YES;
				ENABLE_TESTABILITY = YES;
				ENABLE_USER_SCRIPT_SANDBOXING = YES;
				GCC_C_LANGUAGE_STANDARD = gnu17;
				GCC_DYNAMIC_NO_PIC = NO;
				GCC_NO_COMMON_BLOCKS = YES;
				GCC_OPTIMIZATION_LEVEL = 0;
				GCC_PREPROCESSOR_DEFINITIONS = (
					"DEBUG=1",
					"$(inherited)",
				);
				GCC_WARN_64_TO_32_BIT_CONVERSION = YES;
				GCC_WARN_ABOUT_RETURN_TYPE = YES_ERROR;
				GCC_WARN_UNDECLARED_SELECTOR = YES;
				GCC_WARN_UNINITIALIZED_AUTOS = YES_AGGRESSIVE;
				GCC_WARN_UNUSED_FUNCTION = YES;
				GCC_WARN_UNUSED_VARIABLE = YES;
				IPHONEOS_DEPLOYMENT_TARGET = 16.0;
				LOCALIZATION_PREFERS_STRING_CATALOGS = YES;
				MTL_ENABLE_DEBUG_INFO = INCLUDE_SOURCE;
				MTL_FAST_MATH = YES;
				ONLY_ACTIVE_ARCH = YES;
				SDKROOT = iphoneos;
				SWIFT_ACTIVE_COMPILATION_CONDITIONS = "DEBUG $(inherited)";
				SWIFT_OPTIMIZATION_LEVEL = "-Onone";
			};
			name = Debug;
		};
		E217EE132B18953000EAC2DE /* Release */ = {
			isa = XCBuildConfiguration;
			buildSettings = {
				ALWAYS_SEARCH_USER_PATHS = NO;
				ASSETCATALOG_COMPILER_GENERATE_SWIFT_ASSET_SYMBOL_EXTENSIONS = YES;
				CLANG_ANALYZER_NONNULL = YES;
				CLANG_ANALYZER_NUMBER_OBJECT_CONVERSION = YES_AGGRESSIVE;
				CLANG_CXX_LANGUAGE_STANDARD = "gnu++20";
				CLANG_ENABLE_MODULES = YES;
				CLANG_ENABLE_OBJC_ARC = YES;
				CLANG_ENABLE_OBJC_WEAK = YES;
				CLANG_WARN_BLOCK_CAPTURE_AUTORELEASING = YES;
				CLANG_WARN_BOOL_CONVERSION = YES;
				CLANG_WARN_COMMA = YES;
				CLANG_WARN_CONSTANT_CONVERSION = YES;
				CLANG_WARN_DEPRECATED_OBJC_IMPLEMENTATIONS = YES;
				CLANG_WARN_DIRECT_OBJC_ISA_USAGE = YES_ERROR;
				CLANG_WARN_DOCUMENTATION_COMMENTS = YES;
				CLANG_WARN_EMPTY_BODY = YES;
				CLANG_WARN_ENUM_CONVERSION = YES;
				CLANG_WARN_INFINITE_RECURSION = YES;
				CLANG_WARN_INT_CONVERSION = YES;
				CLANG_WARN_NON_LITERAL_NULL_CONVERSION = YES;
				CLANG_WARN_OBJC_IMPLICIT_RETAIN_SELF = YES;
				CLANG_WARN_OBJC_LITERAL_CONVERSION = YES;
				CLANG_WARN_OBJC_ROOT_CLASS = YES_ERROR;
				CLANG_WARN_QUOTED_INCLUDE_IN_FRAMEWORK_HEADER = YES;
				CLANG_WARN_RANGE_LOOP_ANALYSIS = YES;
				CLANG_WARN_STRICT_PROTOTYPES = YES;
				CLANG_WARN_SUSPICIOUS_MOVE = YES;
				CLANG_WARN_UNGUARDED_AVAILABILITY = YES_AGGRESSIVE;
				CLANG_WARN_UNREACHABLE_CODE = YES;
				CLANG_WARN__DUPLICATE_METHOD_MATCH = YES;
				COPY_PHASE_STRIP = NO;
				DEBUG_INFORMATION_FORMAT = "dwarf-with-dsym";
				ENABLE_NS_ASSERTIONS = NO;
				ENABLE_STRICT_OBJC_MSGSEND = YES;
				ENABLE_USER_SCRIPT_SANDBOXING = YES;
				GCC_C_LANGUAGE_STANDARD = gnu17;
				GCC_NO_COMMON_BLOCKS = YES;
				GCC_WARN_64_TO_32_BIT_CONVERSION = YES;
				GCC_WARN_ABOUT_RETURN_TYPE = YES_ERROR;
				GCC_WARN_UNDECLARED_SELECTOR = YES;
				GCC_WARN_UNINITIALIZED_AUTOS = YES_AGGRESSIVE;
				GCC_WARN_UNUSED_FUNCTION = YES;
				GCC_WARN_UNUSED_VARIABLE = YES;
				IPHONEOS_DEPLOYMENT_TARGET = 16.0;
				LOCALIZATION_PREFERS_STRING_CATALOGS = YES;
				MTL_ENABLE_DEBUG_INFO = NO;
				MTL_FAST_MATH = YES;
				SDKROOT = iphoneos;
				SWIFT_COMPILATION_MODE = wholemodule;
				VALIDATE_PRODUCT = YES;
			};
			name = Release;
		};
		E217EE152B18953000EAC2DE /* Debug */ = {
			isa = XCBuildConfiguration;
			buildSettings = {
				ASSETCATALOG_COMPILER_APPICON_NAME = AppIcon;
				ASSETCATALOG_COMPILER_GLOBAL_ACCENT_COLOR_NAME = AccentColor;
				CODE_SIGN_STYLE = Automatic;
				CURRENT_PROJECT_VERSION = 1;
				DEVELOPMENT_ASSET_PATHS = "\"CryptoTrack/Preview Content\"";
				DEVELOPMENT_TEAM = 4HXT666CZK;
				ENABLE_PREVIEWS = YES;
				GENERATE_INFOPLIST_FILE = YES;
				INFOPLIST_KEY_CFBundleDisplayName = "Crypto Tracker";
				INFOPLIST_KEY_UIApplicationSceneManifest_Generation = YES;
				INFOPLIST_KEY_UIApplicationSupportsIndirectInputEvents = YES;
				INFOPLIST_KEY_UILaunchScreen_Generation = YES;
				INFOPLIST_KEY_UISupportedInterfaceOrientations = UIInterfaceOrientationPortrait;
				IPHONEOS_DEPLOYMENT_TARGET = 16.0;
				LD_RUNPATH_SEARCH_PATHS = (
					"$(inherited)",
					"@executable_path/Frameworks",
				);
				MARKETING_VERSION = 1.0;
				PRODUCT_BUNDLE_IDENTIFIER = com.denisdragan.CryptoTrack;
				PRODUCT_NAME = "$(TARGET_NAME)";
				SWIFT_EMIT_LOC_STRINGS = YES;
				SWIFT_VERSION = 5.0;
				TARGETED_DEVICE_FAMILY = "1,2";
			};
			name = Debug;
		};
		E217EE162B18953000EAC2DE /* Release */ = {
			isa = XCBuildConfiguration;
			buildSettings = {
				ASSETCATALOG_COMPILER_APPICON_NAME = AppIcon;
				ASSETCATALOG_COMPILER_GLOBAL_ACCENT_COLOR_NAME = AccentColor;
				CODE_SIGN_STYLE = Automatic;
				CURRENT_PROJECT_VERSION = 1;
				DEVELOPMENT_ASSET_PATHS = "\"CryptoTrack/Preview Content\"";
				DEVELOPMENT_TEAM = 4HXT666CZK;
				ENABLE_PREVIEWS = YES;
				GENERATE_INFOPLIST_FILE = YES;
				INFOPLIST_KEY_CFBundleDisplayName = "Crypto Tracker";
				INFOPLIST_KEY_UIApplicationSceneManifest_Generation = YES;
				INFOPLIST_KEY_UIApplicationSupportsIndirectInputEvents = YES;
				INFOPLIST_KEY_UILaunchScreen_Generation = YES;
				INFOPLIST_KEY_UISupportedInterfaceOrientations = UIInterfaceOrientationPortrait;
				IPHONEOS_DEPLOYMENT_TARGET = 16.0;
				LD_RUNPATH_SEARCH_PATHS = (
					"$(inherited)",
					"@executable_path/Frameworks",
				);
				MARKETING_VERSION = 1.0;
				PRODUCT_BUNDLE_IDENTIFIER = com.denisdragan.CryptoTrack;
				PRODUCT_NAME = "$(TARGET_NAME)";
				SWIFT_EMIT_LOC_STRINGS = YES;
				SWIFT_VERSION = 5.0;
				TARGETED_DEVICE_FAMILY = "1,2";
			};
			name = Release;
		};
/* End XCBuildConfiguration section */

/* Begin XCConfigurationList section */
		E217EE012B18952F00EAC2DE /* Build configuration list for PBXProject "CryptoTrack" */ = {
			isa = XCConfigurationList;
			buildConfigurations = (
				E217EE122B18953000EAC2DE /* Debug */,
				E217EE132B18953000EAC2DE /* Release */,
			);
			defaultConfigurationIsVisible = 0;
			defaultConfigurationName = Release;
		};
		E217EE142B18953000EAC2DE /* Build configuration list for PBXNativeTarget "CryptoTrack" */ = {
			isa = XCConfigurationList;
			buildConfigurations = (
				E217EE152B18953000EAC2DE /* Debug */,
				E217EE162B18953000EAC2DE /* Release */,
			);
			defaultConfigurationIsVisible = 0;
			defaultConfigurationName = Release;
		};
/* End XCConfigurationList section */
	};
	rootObject = E217EDFE2B18952F00EAC2DE /* Project object */;
}
